
Microsoft Visual Studio Solution File, Format Version 12.00
# Visual Studio 2015
Project("{FAE04EC0-301F-11D3-BF4B-00C04F79EFBC}") = "Bullet-Hell.CSharp.Plugins", "Bullet-Hell.CSharp.Plugins.csproj", "{31507263-5336-71D3-67E7-953057C05B63}"
EndProject
Project("{FAE04EC0-301F-11D3-BF4B-00C04F79EFBC}") = "Bullet-Hell.CSharp", "Bullet-Hell.CSharp.csproj", "{F72FFADF-D122-02A8-CD84-DC2752238276}"
EndProject
Project("{FAE04EC0-301F-11D3-BF4B-00C04F79EFBC}") = "Bullet-Hell.CSharp.Editor", "Bullet-Hell.CSharp.Editor.csproj", "{F96E7958-638D-F117-C41C-98D40D4891FE}"
EndProject
Global
	GlobalSection(SolutionConfigurationPlatforms) = preSolution
		Debug|Any CPU = Debug|Any CPU
		Release|Any CPU = Release|Any CPU
	EndGlobalSection
	GlobalSection(ProjectConfigurationPlatforms) = postSolution
		{31507263-5336-71D3-67E7-953057C05B63}.Debug|Any CPU.ActiveCfg = Debug|Any CPU
		{31507263-5336-71D3-67E7-953057C05B63}.Debug|Any CPU.Build.0 = Debug|Any CPU
		{31507263-5336-71D3-67E7-953057C05B63}.Release|Any CPU.ActiveCfg = Release|Any CPU
		{31507263-5336-71D3-67E7-953057C05B63}.Release|Any CPU.Build.0 = Release|Any CPU
		{F72FFADF-D122-02A8-CD84-DC2752238276}.Debug|Any CPU.ActiveCfg = Debug|Any CPU
		{F72FFADF-D122-02A8-CD84-DC2752238276}.Debug|Any CPU.Build.0 = Debug|Any CPU
		{F72FFADF-D122-02A8-CD84-DC2752238276}.Release|Any CPU.ActiveCfg = Release|Any CPU
		{F72FFADF-D122-02A8-CD84-DC2752238276}.Release|Any CPU.Build.0 = Release|Any CPU
		{F96E7958-638D-F117-C41C-98D40D4891FE}.Debug|Any CPU.ActiveCfg = Debug|Any CPU
		{F96E7958-638D-F117-C41C-98D40D4891FE}.Debug|Any CPU.Build.0 = Debug|Any CPU
		{F96E7958-638D-F117-C41C-98D40D4891FE}.Release|Any CPU.ActiveCfg = Release|Any CPU
		{F96E7958-638D-F117-C41C-98D40D4891FE}.Release|Any CPU.Build.0 = Release|Any CPU
	EndGlobalSection
	GlobalSection(SolutionProperties) = preSolution
		HideSolutionNode = FALSE
	EndGlobalSection
EndGlobal
